{
  "name": "Resume-Review-AI",
  "lockfileVersion": 3,
  "requires": true,
  "packages": {
    "": {
      "dependencies": {
        "tiny-markdown-editor": "^0.1.14"
      }
    },
    "node_modules/core-js": {
      "version": "3.37.0",
      "resolved": "https://registry.npmjs.org/core-js/-/core-js-3.37.0.tgz",
      "integrity": "sha512-fu5vHevQ8ZG4og+LXug8ulUtVxjOcEYvifJr7L5Bfq9GOztVqsKd9/59hUk2ZSbCrS3BqUr3EpaYGIYzq7g3Ug==",
      "hasInstallScript": true,
      "funding": {
        "type": "opencollective",
        "url": "https://opencollective.com/core-js"
      }
    },
    "node_modules/tiny-markdown-editor": {
      "version": "0.1.14",
      "resolved": "https://registry.npmjs.org/tiny-markdown-editor/-/tiny-markdown-editor-0.1.14.tgz",
      "integrity": "sha512-VTpnMP5fsxJgjR9F/+vU7N67rz8daOY8e/gagVQfZlAvUrj7apc6dUXtmsn/5lBXKdeo6/NO++p6F0d9HU/4Pw==",
      "dependencies": {
        "core-js": "^3.6.5"
      }
    }
  }
}
